
Microsoft Visual Studio Solution File, Format Version 12.00
Project("{FAE04EC0-301F-11D3-BF4B-00C04F79EFBC}") = "User.Api", "User.Api\User.Api.csproj", "{9B6FF7F3-7825-4FE5-95AF-378A10C738DF}"
EndProject
Project("{2150E333-8FDC-42A3-9474-1A3956D46DE8}") = "Consul", "Consul", "{64F4CA7E-6839-4C56-B7FE-3B57AEA4F9BC}"
EndProject
Project("{FAE04EC0-301F-11D3-BF4B-00C04F79EFBC}") = "User.Identity", "User.Identity\User.Identity.csproj", "{188B5EAB-8350-462E-8AA4-FEA351F5ECDB}"
EndProject
Global
	GlobalSection(SolutionConfigurationPlatforms) = preSolution
		Debug|Any CPU = Debug|Any CPU
		Release|Any CPU = Release|Any CPU
	EndGlobalSection
	GlobalSection(ProjectConfigurationPlatforms) = postSolution
		{9B6FF7F3-7825-4FE5-95AF-378A10C738DF}.Debug|Any CPU.ActiveCfg = Debug|Any CPU
		{9B6FF7F3-7825-4FE5-95AF-378A10C738DF}.Debug|Any CPU.Build.0 = Debug|Any CPU
		{9B6FF7F3-7825-4FE5-95AF-378A10C738DF}.Release|Any CPU.ActiveCfg = Release|Any CPU
		{9B6FF7F3-7825-4FE5-95AF-378A10C738DF}.Release|Any CPU.Build.0 = Release|Any CPU
		{188B5EAB-8350-462E-8AA4-FEA351F5ECDB}.Debug|Any CPU.ActiveCfg = Debug|Any CPU
		{188B5EAB-8350-462E-8AA4-FEA351F5ECDB}.Debug|Any CPU.Build.0 = Debug|Any CPU
		{188B5EAB-8350-462E-8AA4-FEA351F5ECDB}.Release|Any CPU.ActiveCfg = Release|Any CPU
		{188B5EAB-8350-462E-8AA4-FEA351F5ECDB}.Release|Any CPU.Build.0 = Release|Any CPU
	EndGlobalSection
EndGlobal
